
Microsoft Visual Studio Solution File, Format Version 12.00
# Visual Studio Version 16
VisualStudioVersion = 16.0.30413.136
MinimumVisualStudioVersion = 10.0.40219.1
Project("{FAE04EC0-301F-11D3-BF4B-00C04F79EFBC}") = "Server", "Server\Server.csproj", "{8B738904-8A76-473C-9780-A3968CD9EC99}"
EndProject
Project("{FAE04EC0-301F-11D3-BF4B-00C04F79EFBC}") = "Client", "Client\Client.csproj", "{A8A9840A-265C-4D74-8196-0D3ACE2D01FC}"
EndProject
Global
	GlobalSection(SolutionConfigurationPlatforms) = preSolution
		Debug|Any CPU = Debug|Any CPU
		Release|Any CPU = Release|Any CPU
	EndGlobalSection
	GlobalSection(ProjectConfigurationPlatforms) = postSolution
		{8B738904-8A76-473C-9780-A3968CD9EC99}.Debug|Any CPU.ActiveCfg = Debug|Any CPU
		{8B738904-8A76-473C-9780-A3968CD9EC99}.Debug|Any CPU.Build.0 = Debug|Any CPU
		{8B738904-8A76-473C-9780-A3968CD9EC99}.Release|Any CPU.ActiveCfg = Release|Any CPU
		{8B738904-8A76-473C-9780-A3968CD9EC99}.Release|Any CPU.Build.0 = Release|Any CPU
		{A8A9840A-265C-4D74-8196-0D3ACE2D01FC}.Debug|Any CPU.ActiveCfg = Debug|Any CPU
		{A8A9840A-265C-4D74-8196-0D3ACE2D01FC}.Debug|Any CPU.Build.0 = Debug|Any CPU
		{A8A9840A-265C-4D74-8196-0D3ACE2D01FC}.Release|Any CPU.ActiveCfg = Release|Any CPU
		{A8A9840A-265C-4D74-8196-0D3ACE2D01FC}.Release|Any CPU.Build.0 = Release|Any CPU
	EndGlobalSection
	GlobalSection(SolutionProperties) = preSolution
		HideSolutionNode = FALSE
	EndGlobalSection
	GlobalSection(ExtensibilityGlobals) = postSolution
		SolutionGuid = {FB9654DC-1524-4B27-B92D-1443F58E2BC0}
	EndGlobalSection
EndGlobal
